<?xml version="1.0" encoding="utf-8"?>
<Project ToolsVersion="4.0" xmlns="http://schemas.microsoft.com/developer/msbuild/2003">
  <ItemGroup>
    <Filter Include="Source Files">
      <UniqueIdentifier>{4FC737F1-C7A5-4376-A066-2A32D752A2FF}</UniqueIdentifier>
      <Extensions>cpp;c;cc;cxx;def;odl;idl;hpj;bat;asm;asmx</Extensions>
    </Filter>
    <Filter Include="Header Files">
      <UniqueIdentifier>{93995380-89BD-4b04-88EB-625FBE52EBFB}</UniqueIdentifier>
      <Extensions>h;hh;hpp;hxx;hm;inl;inc;ipp;xsd</Extensions>
    </Filter>
    <Filter Include="Resource Files">
      <UniqueIdentifier>{67DA6AB6-F800-4c08-8B7A-83BB121AAD01}</UniqueIdentifier>
      <Extensions>rc;ico;cur;bmp;dlg;rc2;rct;bin;rgs;gif;jpg;jpeg;jpe;resx;tiff;tif;png;wav;mfcribbon-ms</Extensions>
    </Filter>
    <Filter Include="Header Files\Utility">
      <UniqueIdentifier>{b947ce4e-9b0f-45d1-9830-662d86ccd595}</UniqueIdentifier>
    </Filter>
    <Filter Include="Header Files\Control">
      <UniqueIdentifier>{73782b0a-b2ec-4888-9d4b-4a248056c452}</UniqueIdentifier>
    </Filter>
    <Filter Include="Source Files\Utility">
      <UniqueIdentifier>{21265ec6-3c91-4e9e-ab56-0a4298da526f}</UniqueIdentifier>
    </Filter>
    <Filter Include="Header Files\Tools">
      <UniqueIdentifier>{1fedb8ed-8a59-4e30-8a24-d78b0d487370}</UniqueIdentifier>
    </Filter>
    <Filter Include="Source Files\Tools">
      <UniqueIdentifier>{8e4c3684-62ec-4ac8-ad90-be8b61fee88c}</UniqueIdentifier>
    </Filter>
  </ItemGroup>
  <ItemGroup>
    <ClCompile Include="main.cpp">
      <Filter>Source Files</Filter>
    </ClCompile>
    <ClCompile Include="glad.c">
      <Filter>Source Files</Filter>
    </ClCompile>
    <ClCompile Include="Window.cpp">
      <Filter>Source Files</Filter>
    </ClCompile>
    <ClCompile Include="InputManager.cpp">
      <Filter>Source Files</Filter>
    </ClCompile>
    <ClCompile Include="ShaderProgram.cpp">
      <Filter>Source Files</Filter>
    </ClCompile>
    <ClCompile Include="Texture.cpp">
      <Filter>Source Files</Filter>
    </ClCompile>
    <ClCompile Include="ToString.cpp">
      <Filter>Source Files\Utility</Filter>
    </ClCompile>
    <ClCompile Include="save.c">
      <Filter>Source Files</Filter>
    </ClCompile>
    <ClCompile Include="FillTool.cpp">
      <Filter>Source Files\Tools</Filter>
    </ClCompile>
    <ClCompile Include="ColorBox.cpp">
      <Filter>Source Files\Tools</Filter>
    </ClCompile>
    <ClCompile Include="ColorPicker.cpp">
      <Filter>Source Files\Tools</Filter>
    </ClCompile>
    <ClCompile Include="Brush.cpp">
      <Filter>Source Files\Tools</Filter>
    </ClCompile>
    <ClCompile Include="AirBrush.cpp">
      <Filter>Source Files\Tools</Filter>
    </ClCompile>
    <ClCompile Include="ColorTransform.cpp">
      <Filter>Source Files\Utility</Filter>
    </ClCompile>
    <ClCompile Include="CoordTransform.cpp">
      <Filter>Source Files\Utility</Filter>
    </ClCompile>
    <ClCompile Include="ClipBoard.cpp">
      <Filter>Source Files\Tools</Filter>
    </ClCompile>
    <ClCompile Include="Engine.cpp">
      <Filter>Source Files</Filter>
    </ClCompile>
    <ClCompile Include="Marker.cpp">
      <Filter>Source Files</Filter>
    </ClCompile>
  </ItemGroup>
  <ItemGroup>
    <ClInclude Include="Engine.h">
      <Filter>Header Files</Filter>
    </ClInclude>
    <ClInclude Include="Window.h">
      <Filter>Header Files</Filter>
    </ClInclude>
    <ClInclude Include="InputManager.h">
      <Filter>Header Files</Filter>
    </ClInclude>
    <ClInclude Include="ShaderProgram.h">
      <Filter>Header Files</Filter>
    </ClInclude>
    <ClInclude Include="Texture.h">
      <Filter>Header Files</Filter>
    </ClInclude>
    <ClInclude Include="MouseScrollControl.h">
      <Filter>Header Files\Control</Filter>
    </ClInclude>
    <ClInclude Include="KeyboardControl.h">
      <Filter>Header Files\Control</Filter>
    </ClInclude>
    <ClInclude Include="MouseClickControl.h">
      <Filter>Header Files\Control</Filter>
    </ClInclude>
    <ClInclude Include="MouseMoveControl.h">
      <Filter>Header Files\Control</Filter>
    </ClInclude>
    <ClInclude Include="ToString.h">
      <Filter>Header Files\Utility</Filter>
    </ClInclude>
    <ClInclude Include="save.h">
      <Filter>Header Files</Filter>
    </ClInclude>
    <ClInclude Include="FillTool.h">
      <Filter>Header Files\Tools</Filter>
    </ClInclude>
    <ClInclude Include="ColorBox.h">
      <Filter>Header Files\Tools</Filter>
    </ClInclude>
    <ClInclude Include="ColorPicker.h">
      <Filter>Header Files\Tools</Filter>
    </ClInclude>
    <ClInclude Include="Brush.h">
      <Filter>Header Files\Tools</Filter>
    </ClInclude>
    <ClInclude Include="AirBrush.h">
      <Filter>Header Files\Tools</Filter>
    </ClInclude>
    <ClInclude Include="ColorTransform.h">
      <Filter>Header Files\Utility</Filter>
    </ClInclude>
    <ClInclude Include="CoordTransform.h">
      <Filter>Header Files\Utility</Filter>
    </ClInclude>
    <ClInclude Include="ClipBoard.h">
      <Filter>Header Files\Tools</Filter>
    </ClInclude>
    <ClInclude Include="Marker.h">
      <Filter>Header Files</Filter>
    </ClInclude>
  </ItemGroup>
</Project>